// !$*UTF8*$!
{
	archiveVersion = 1;
	classes = {
	};
	objectVersion = 46;
	objects = {

/* Begin PBXBuildFile section */
		F189D0E41944A2F400D74583 /* AppDelegate.swift in Sources */ = {isa = PBXBuildFile; fileRef = F189D0E31944A2F400D74583 /* AppDelegate.swift */; };
		F189D0E61944A2F400D74583 /* FirstViewController.swift in Sources */ = {isa = PBXBuildFile; fileRef = F189D0E51944A2F400D74583 /* FirstViewController.swift */; };
		F189D0E81944A2F400D74583 /* SecondViewController.swift in Sources */ = {isa = PBXBuildFile; fileRef = F189D0E71944A2F400D74583 /* SecondViewController.swift */; };
		F189D0EB1944A2F400D74583 /* Main.storyboard in Resources */ = {isa = PBXBuildFile; fileRef = F189D0E91944A2F400D74583 /* Main.storyboard */; };
		F189D0ED1944A2F400D74583 /* Images.xcassets in Resources */ = {isa = PBXBuildFile; fileRef = F189D0EC1944A2F400D74583 /* Images.xcassets */; };
		F189D0F91944A2F400D74583 /* ToDoTests.swift in Sources */ = {isa = PBXBuildFile; fileRef = F189D0F81944A2F400D74583 /* ToDoTests.swift */; };
		F189D1051944A39800D74583 /* TaskManager.swift in Sources */ = {isa = PBXBuildFile; fileRef = F189D1041944A39800D74583 /* TaskManager.swift */; };
/* End PBXBuildFile section */

/* Begin PBXContainerItemProxy section */
		F189D0F31944A2F400D74583 /* PBXContainerItemProxy */ = {
			isa = PBXContainerItemProxy;
			containerPortal = F189D0D61944A2F400D74583 /* Project object */;
			proxyType = 1;
			remoteGlobalIDString = F189D0DD1944A2F400D74583;
			remoteInfo = ToDo;
		};
/* End PBXContainerItemProxy section */

/* Begin PBXFileReference section */
		F189D0DE1944A2F400D74583 /* ToDo.app */ = {isa = PBXFileReference; explicitFileType = wrapper.application; includeInIndex = 0; path = ToDo.app; sourceTree = BUILT_PRODUCTS_DIR; };
		F189D0E21944A2F400D74583 /* Info.plist */ = {isa = PBXFileReference; lastKnownFileType = text.plist.xml; path = Info.plist; sourceTree = "<group>"; };
		F189D0E31944A2F400D74583 /* AppDelegate.swift */ = {isa = PBXFileReference; lastKnownFileType = sourcecode.swift; path = AppDelegate.swift; sourceTree = "<group>"; };
		F189D0E51944A2F400D74583 /* FirstViewController.swift */ = {isa = PBXFileReference; lastKnownFileType = sourcecode.swift; path = FirstViewController.swift; sourceTree = "<group>"; };
		F189D0E71944A2F400D74583 /* SecondViewController.swift */ = {isa = PBXFileReference; lastKnownFileType = sourcecode.swift; path = SecondViewController.swift; sourceTree = "<group>"; };
		F189D0EA1944A2F400D74583 /* Base */ = {isa = PBXFileReference; lastKnownFileType = file.storyboard; name = Base; path = Base.lproj/Main.storyboard; sourceTree = "<group>"; };
		F189D0EC1944A2F400D74583 /* Images.xcassets */ = {isa = PBXFileReference; lastKnownFileType = folder.assetcatalog; path = Images.xcassets; sourceTree = "<group>"; };
		F189D0F21944A2F400D74583 /* ToDoTests.xctest */ = {isa = PBXFileReference; explicitFileType = wrapper.cfbundle; includeInIndex = 0; path = ToDoTests.xctest; sourceTree = BUILT_PRODUCTS_DIR; };
		F189D0F71944A2F400D74583 /* Info.plist */ = {isa = PBXFileReference; lastKnownFileType = text.plist.xml; path = Info.plist; sourceTree = "<group>"; };
		F189D0F81944A2F400D74583 /* ToDoTests.swift */ = {isa = PBXFileReference; lastKnownFileType = sourcecode.swift; path = ToDoTests.swift; sourceTree = "<group>"; };
		F189D1041944A39800D74583 /* TaskManager.swift */ = {isa = PBXFileReference; fileEncoding = 4; lastKnownFileType = sourcecode.swift; path = TaskManager.swift; sourceTree = "<group>"; };
/* End PBXFileReference section */

/* Begin PBXFrameworksBuildPhase section */
		F189D0DB1944A2F400D74583 /* Frameworks */ = {
			isa = PBXFrameworksBuildPhase;
			buildActionMask = 2147483647;
			files = (
			);
			runOnlyForDeploymentPostprocessing = 0;
		};
		F189D0EF1944A2F400D74583 /* Frameworks */ = {
			isa = PBXFrameworksBuildPhase;
			buildActionMask = 2147483647;
			files = (
			);
			runOnlyForDeploymentPostprocessing = 0;
		};
/* End PBXFrameworksBuildPhase section */

/* Begin PBXGroup section */
		F189D0D51944A2F400D74583 = {
			isa = PBXGroup;
			children = (
				F189D0E01944A2F400D74583 /* ToDo */,
				F189D0F51944A2F400D74583 /* ToDoTests */,
				F189D0DF1944A2F400D74583 /* Products */,
			);
			sourceTree = "<group>";
		};
		F189D0DF1944A2F400D74583 /* Products */ = {
			isa = PBXGroup;
			children = (
				F189D0DE1944A2F400D74583 /* ToDo.app */,
				F189D0F21944A2F400D74583 /* ToDoTests.xctest */,
			);
			name = Products;
			sourceTree = "<group>";
		};
		F189D0E01944A2F400D74583 /* ToDo */ = {
			isa = PBXGroup;
			children = (
				F189D0E31944A2F400D74583 /* AppDelegate.swift */,
				F189D0E51944A2F400D74583 /* FirstViewController.swift */,
				F189D0E71944A2F400D74583 /* SecondViewController.swift */,
				F189D1041944A39800D74583 /* TaskManager.swift */,
				F189D0E91944A2F400D74583 /* Main.storyboard */,
				F189D0EC1944A2F400D74583 /* Images.xcassets */,
				F189D0E11944A2F400D74583 /* Supporting Files */,
			);
			path = ToDo;
			sourceTree = "<group>";
		};
		F189D0E11944A2F400D74583 /* Supporting Files */ = {
			isa = PBXGroup;
			children = (
				F189D0E21944A2F400D74583 /* Info.plist */,
			);
			name = "Supporting Files";
			sourceTree = "<group>";
		};
		F189D0F51944A2F400D74583 /* ToDoTests */ = {
			isa = PBXGroup;
			children = (
				F189D0F81944A2F400D74583 /* ToDoTests.swift */,
				F189D0F61944A2F400D74583 /* Supporting Files */,
			);
			path = ToDoTests;
			sourceTree = "<group>";
		};
		F189D0F61944A2F400D74583 /* Supporting Files */ = {
			isa = PBXGroup;
			children = (
				F189D0F71944A2F400D74583 /* Info.plist */,
			);
			name = "Supporting Files";
			sourceTree = "<group>";
		};
/* End PBXGroup section */

/* Begin PBXNativeTarget section */
		F189D0DD1944A2F400D74583 /* ToDo */ = {
			isa = PBXNativeTarget;
			buildConfigurationList = F189D0FC1944A2F400D74583 /* Build configuration list for PBXNativeTarget "ToDo" */;
			buildPhases = (
				F189D0DA1944A2F400D74583 /* Sources */,
				F189D0DB1944A2F400D74583 /* Frameworks */,
				F189D0DC1944A2F400D74583 /* Resources */,
			);
			buildRules = (
			);
			dependencies = (
			);
			name = ToDo;
			productName = ToDo;
			productReference = F189D0DE1944A2F400D74583 /* ToDo.app */;
			productType = "com.apple.product-type.application";
		};
		F189D0F11944A2F400D74583 /* ToDoTests */ = {
			isa = PBXNativeTarget;
			buildConfigurationList = F189D0FF1944A2F400D74583 /* Build configuration list for PBXNativeTarget "ToDoTests" */;
			buildPhases = (
				F189D0EE1944A2F400D74583 /* Sources */,
				F189D0EF1944A2F400D74583 /* Frameworks */,
				F189D0F01944A2F400D74583 /* Resources */,
			);
			buildRules = (
			);
			dependencies = (
				F189D0F41944A2F400D74583 /* PBXTargetDependency */,
			);
			name = ToDoTests;
			productName = ToDoTests;
			productReference = F189D0F21944A2F400D74583 /* ToDoTests.xctest */;
			productType = "com.apple.product-type.bundle.unit-test";
		};
/* End PBXNativeTarget section */

/* Begin PBXProject section */
		F189D0D61944A2F400D74583 /* Project object */ = {
			isa = PBXProject;
			attributes = {
				LastUpgradeCheck = 0600;
				ORGANIZATIONNAME = Gphon;
				TargetAttributes = {
					F189D0DD1944A2F400D74583 = {
						CreatedOnToolsVersion = 6.0;
					};
					F189D0F11944A2F400D74583 = {
						CreatedOnToolsVersion = 6.0;
						TestTargetID = F189D0DD1944A2F400D74583;
					};
				};
			};
			buildConfigurationList = F189D0D91944A2F400D74583 /* Build configuration list for PBXProject "ToDo" */;
			compatibilityVersion = "Xcode 3.2";
			developmentRegion = English;
			hasScannedForEncodings = 0;
			knownRegions = (
				en,
				Base,
			);
			mainGroup = F189D0D51944A2F400D74583;
			productRefGroup = F189D0DF1944A2F400D74583 /* Products */;
			projectDirPath = "";
			projectRoot = "";
			targets = (
				F189D0DD1944A2F400D74583 /* ToDo */,
				F189D0F11944A2F400D74583 /* ToDoTests */,
			);
		};
/* End PBXProject section */

/* Begin PBXResourcesBuildPhase section */
		F189D0DC1944A2F400D74583 /* Resources */ = {
			isa = PBXResourcesBuildPhase;
			buildActionMask = 2147483647;
			files = (
				F189D0EB1944A2F400D74583 /* Main.storyboard in Resources */,
				F189D0ED1944A2F400D74583 /* Images.xcassets in Resources */,
			);
			runOnlyForDeploymentPostprocessing = 0;
		};
		F189D0F01944A2F400D74583 /* Resources */ = {
			isa = PBXResourcesBuildPhase;
			buildActionMask = 2147483647;
			files = (
			);
			runOnlyForDeploymentPostprocessing = 0;
		};
/* End PBXResourcesBuildPhase section */

/* Begin PBXSourcesBuildPhase section */
		F189D0DA1944A2F400D74583 /* Sources */ = {
			isa = PBXSourcesBuildPhase;
			buildActionMask = 2147483647;
			files = (
				F189D0E81944A2F400D74583 /* SecondViewController.swift in Sources */,
				F189D0E41944A2F400D74583 /* AppDelegate.swift in Sources */,
				F189D1051944A39800D74583 /* TaskManager.swift in Sources */,
				F189D0E61944A2F400D74583 /* FirstViewController.swift in Sources */,
			);
			runOnlyForDeploymentPostprocessing = 0;
		};
		F189D0EE1944A2F400D74583 /* Sources */ = {
			isa = PBXSourcesBuildPhase;
			buildActionMask = 2147483647;
			files = (
				F189D0F91944A2F400D74583 /* ToDoTests.swift in Sources */,
			);
			runOnlyForDeploymentPostprocessing = 0;
		};
/* End PBXSourcesBuildPhase section */

/* Begin PBXTargetDependency section */
		F189D0F41944A2F400D74583 /* PBXTargetDependency */ = {
			isa = PBXTargetDependency;
			target = F189D0DD1944A2F400D74583 /* ToDo */;
			targetProxy = F189D0F31944A2F400D74583 /* PBXContainerItemProxy */;
		};
/* End PBXTargetDependency section */

/* Begin PBXVariantGroup section */
		F189D0E91944A2F400D74583 /* Main.storyboard */ = {
			isa = PBXVariantGroup;
			children = (
				F189D0EA1944A2F400D74583 /* Base */,
			);
			name = Main.storyboard;
			sourceTree = "<group>";
		};
/* End PBXVariantGroup section */

/* Begin XCBuildConfiguration section */
		F189D0FA1944A2F400D74583 /* Debug */ = {
			isa = XCBuildConfiguration;
			buildSettings = {
				ALWAYS_SEARCH_USER_PATHS = NO;
				CLANG_CXX_LANGUAGE_STANDARD = "gnu++0x";
				CLANG_CXX_LIBRARY = "libc++";
				CLANG_ENABLE_MODULES = YES;
				CLANG_ENABLE_OBJC_ARC = YES;
				CLANG_WARN_BOOL_CONVERSION = YES;
				CLANG_WARN_CONSTANT_CONVERSION = YES;
				CLANG_WARN_DIRECT_OBJC_ISA_USAGE = YES_ERROR;
				CLANG_WARN_EMPTY_BODY = YES;
				CLANG_WARN_ENUM_CONVERSION = YES;
				CLANG_WARN_INT_CONVERSION = YES;
				CLANG_WARN_OBJC_ROOT_CLASS = YES_ERROR;
				CLANG_WARN_UNREACHABLE_CODE = YES;
				CLANG_WARN__DUPLICATE_METHOD_MATCH = YES;
				"CODE_SIGN_IDENTITY[sdk=iphoneos*]" = "iPhone Developer";
				COPY_PHASE_STRIP = NO;
				ENABLE_STRICT_OBJC_MSGSEND = YES;
				GCC_C_LANGUAGE_STANDARD = gnu99;
				GCC_DYNAMIC_NO_PIC = NO;
				GCC_OPTIMIZATION_LEVEL = 0;
				GCC_PREPROCESSOR_DEFINITIONS = (
					"DEBUG=1",
					"$(inherited)",
				);
				GCC_SYMBOLS_PRIVATE_EXTERN = NO;
				GCC_WARN_64_TO_32_BIT_CONVERSION = YES;
				GCC_WARN_ABOUT_RETURN_TYPE = YES_ERROR;
				GCC_WARN_UNDECLARED_SELECTOR = YES;
				GCC_WARN_UNINITIALIZED_AUTOS = YES_AGGRESSIVE;
				GCC_WARN_UNUSED_FUNCTION = YES;
				GCC_WARN_UNUSED_VARIABLE = YES;
				IPHONEOS_DEPLOYMENT_TARGET = 8.0;
				METAL_ENABLE_DEBUG_INFO = YES;
				ONLY_ACTIVE_ARCH = YES;
				SDKROOT = iphoneos;
				SWIFT_OPTIMIZATION_LEVEL = "-Onone";
			};
			name = Debug;
		};
		F189D0FB1944A2F400D74583 /* Release */ = {
			isa = XCBuildConfiguration;
			buildSettings = {
				ALWAYS_SEARCH_USER_PATHS = NO;
				CLANG_CXX_LANGUAGE_STANDARD = "gnu++0x";
				CLANG_CXX_LIBRARY = "libc++";
				CLANG_ENABLE_MODULES = YES;
				CLANG_ENABLE_OBJC_ARC = YES;
				CLANG_WARN_BOOL_CONVERSION = YES;
				CLANG_WARN_CONSTANT_CONVERSION = YES;
				CLANG_WARN_DIRECT_OBJC_ISA_USAGE = YES_ERROR;
				CLANG_WARN_EMPTY_BODY = YES;
				CLANG_WARN_ENUM_CONVERSION = YES;
				CLANG_WARN_INT_CONVERSION = YES;
				CLANG_WARN_OBJC_ROOT_CLASS = YES_ERROR;
				CLANG_WARN_UNREACHABLE_CODE = YES;
				CLANG_WARN__DUPLICATE_METHOD_MATCH = YES;
				"CODE_SIGN_IDENTITY[sdk=iphoneos*]" = "iPhone Developer";
				COPY_PHASE_STRIP = YES;
				ENABLE_NS_ASSERTIONS = NO;
				ENABLE_STRICT_OBJC_MSGSEND = YES;
				GCC_C_LANGUAGE_STANDARD = gnu99;
				GCC_WARN_64_TO_32_BIT_CONVERSION = YES;
				GCC_WARN_ABOUT_RETURN_TYPE = YES_ERROR;
				GCC_WARN_UNDECLARED_SELECTOR = YES;
				GCC_WARN_UNINITIALIZED_AUTOS = YES_AGGRESSIVE;
				GCC_WARN_UNUSED_FUNCTION = YES;
				GCC_WARN_UNUSED_VARIABLE = YES;
				IPHONEOS_DEPLOYMENT_TARGET = 8.0;
				METAL_ENABLE_DEBUG_INFO = NO;
				SDKROOT = iphoneos;
				VALIDATE_PRODUCT = YES;
			};
			name = Release;
		};
		F189D0FD1944A2F400D74583 /* Debug */ = {
			isa = XCBuildConfiguration;
			buildSettings = {
				ASSETCATALOG_COMPILER_APPICON_NAME = AppIcon;
				ASSETCATALOG_COMPILER_LAUNCHIMAGE_NAME = LaunchImage;
				INFOPLIST_FILE = ToDo/Info.plist;
				LD_RUNPATH_SEARCH_PATHS = "$(inherited) @executable_path/Frameworks";
				PRODUCT_NAME = "$(TARGET_NAME)";
			};
			name = Debug;
		};
		F189D0FE1944A2F400D74583 /* Release */ = {
			isa = XCBuildConfiguration;
			buildSettings = {
				ASSETCATALOG_COMPILER_APPICON_NAME = AppIcon;
				ASSETCATALOG_COMPILER_LAUNCHIMAGE_NAME = LaunchImage;
				INFOPLIST_FILE = ToDo/Info.plist;
				LD_RUNPATH_SEARCH_PATHS = "$(inherited) @executable_path/Frameworks";
				PRODUCT_NAME = "$(TARGET_NAME)";
			};
			name = Release;
		};
		F189D1001944A2F400D74583 /* Debug */ = {
			isa = XCBuildConfiguration;
			buildSettings = {
				BUNDLE_LOADER = "$(BUILT_PRODUCTS_DIR)/ToDo.app/ToDo";
				FRAMEWORK_SEARCH_PATHS = (
					"$(SDKROOT)/Developer/Library/Frameworks",
					"$(inherited)",
				);
				GCC_PREPROCESSOR_DEFINITIONS = (
					"DEBUG=1",
					"$(inherited)",
				);
				INFOPLIST_FILE = ToDoTests/Info.plist;
				LD_RUNPATH_SEARCH_PATHS = "$(inherited) @executable_path/Frameworks @loader_path/Frameworks";
				METAL_ENABLE_DEBUG_INFO = YES;
				PRODUCT_NAME = "$(TARGET_NAME)";
				TEST_HOST = "$(BUNDLE_LOADER)";
			};
			name = Debug;
		};
		F189D1011944A2F400D74583 /* Release */ = {
			isa = XCBuildConfiguration;
			buildSettings = {
				BUNDLE_LOADER = "$(BUILT_PRODUCTS_DIR)/ToDo.app/ToDo";
				FRAMEWORK_SEARCH_PATHS = (
					"$(SDKROOT)/Developer/Library/Frameworks",
					"$(inherited)",
				);
				INFOPLIST_FILE = ToDoTests/Info.plist;
				LD_RUNPATH_SEARCH_PATHS = "$(inherited) @executable_path/Frameworks @loader_path/Frameworks";
				METAL_ENABLE_DEBUG_INFO = NO;
				PRODUCT_NAME = "$(TARGET_NAME)";
				TEST_HOST = "$(BUNDLE_LOADER)";
			};
			name = Release;
		};
/* End XCBuildConfiguration section */

/* Begin XCConfigurationList section */
		F189D0D91944A2F400D74583 /* Build configuration list for PBXProject "ToDo" */ = {
			isa = XCConfigurationList;
			buildConfigurations = (
				F189D0FA1944A2F400D74583 /* Debug */,
				F189D0FB1944A2F400D74583 /* Release */,
			);
			defaultConfigurationIsVisible = 0;
			defaultConfigurationName = Release;
		};
		F189D0FC1944A2F400D74583 /* Build configuration list for PBXNativeTarget "ToDo" */ = {
			isa = XCConfigurationList;
			buildConfigurations = (
				F189D0FD1944A2F400D74583 /* Debug */,
				F189D0FE1944A2F400D74583 /* Release */,
			);
			defaultConfigurationIsVisible = 0;
		};
		F189D0FF1944A2F400D74583 /* Build configuration list for PBXNativeTarget "ToDoTests" */ = {
			isa = XCConfigurationList;
			buildConfigurations = (
				F189D1001944A2F400D74583 /* Debug */,
				F189D1011944A2F400D74583 /* Release */,
			);
			defaultConfigurationIsVisible = 0;
		};
/* End XCConfigurationList section */
	};
	rootObject = F189D0D61944A2F400D74583 /* Project object */;
}
